
Microsoft Visual Studio Solution File, Format Version 12.00
Project("{FAE04EC0-301F-11D3-BF4B-00C04F79EFBC}") = "AirTransportSystem", "AirTransportSystem\AirTransportSystem.csproj", "{B99293BE-BD1D-4478-ABF4-5D9161B71791}"
EndProject
Global
	GlobalSection(SolutionConfigurationPlatforms) = preSolution
		Debug|Any CPU = Debug|Any CPU
		Release|Any CPU = Release|Any CPU
	EndGlobalSection
	GlobalSection(ProjectConfigurationPlatforms) = postSolution
		{B99293BE-BD1D-4478-ABF4-5D9161B71791}.Debug|Any CPU.ActiveCfg = Debug|Any CPU
		{B99293BE-BD1D-4478-ABF4-5D9161B71791}.Debug|Any CPU.Build.0 = Debug|Any CPU
		{B99293BE-BD1D-4478-ABF4-5D9161B71791}.Release|Any CPU.ActiveCfg = Release|Any CPU
		{B99293BE-BD1D-4478-ABF4-5D9161B71791}.Release|Any CPU.Build.0 = Release|Any CPU
	EndGlobalSection
EndGlobal
